
Microsoft Visual Studio Solution File, Format Version 12.00
# Visual Studio Version 17
VisualStudioVersion = 17.11.35312.102
MinimumVisualStudioVersion = 10.0.40219.1
Project("{FAE04EC0-301F-11D3-BF4B-00C04F79EFBC}") = "HelloWorld", "HelloWorld\HelloWorld.csproj", "{63F2B11C-657F-4C69-B682-BA425400DC2B}"
EndProject
Project("{FAE04EC0-301F-11D3-BF4B-00C04F79EFBC}") = "Aufgabe01", "Aufgabe1\Aufgabe01.csproj", "{E2A06928-CA82-4A87-8B33-52388122EF2C}"
EndProject
Project("{9A19103F-16F7-4668-BE54-9A1E7A4F7556}") = "Aufgabe03", "Aufgabe03\Aufgabe03.csproj", "{91166A13-ACA8-4F5E-973E-6EF67FE8D93F}"
EndProject
Project("{9A19103F-16F7-4668-BE54-9A1E7A4F7556}") = "Aufgabe04", "Aufgabe4\Aufgabe04.csproj", "{997343C4-1A1C-46E4-B03F-10771BEA6187}"
EndProject
Project("{9A19103F-16F7-4668-BE54-9A1E7A4F7556}") = "Aufgabe05", "Aufgabe5\Aufgabe05.csproj", "{EB6E7B6E-83B4-4AF9-AAFF-83E789AA9605}"
EndProject
Project("{9A19103F-16F7-4668-BE54-9A1E7A4F7556}") = "Aufgabe06", "Aufgabe6\Aufgabe06.csproj", "{7B3B8905-AC1A-48E9-BF4E-9354E6BC2D79}"
EndProject
Project("{9A19103F-16F7-4668-BE54-9A1E7A4F7556}") = "Aufgabe07", "Aufgabe7\Aufgabe07.csproj", "{048D6B13-BFCF-4F3A-9CFC-91A404018C56}"
EndProject
Project("{9A19103F-16F7-4668-BE54-9A1E7A4F7556}") = "Aufgabe08", "Aufgabe8\Aufgabe08.csproj", "{E9AC4361-565D-4EE4-841F-C6AE450B570C}"
EndProject
Project("{9A19103F-16F7-4668-BE54-9A1E7A4F7556}") = "Aufgabe09", "Aufgabe9\Aufgabe09.csproj", "{59F3A8CE-61E9-4E96-B615-B659AC3BDF8E}"
EndProject
Project("{9A19103F-16F7-4668-BE54-9A1E7A4F7556}") = "Aufgabe10", "Aufgabe10\Aufgabe10.csproj", "{2F941A16-0547-4083-B093-53D0F22AE6FC}"
EndProject
Project("{9A19103F-16F7-4668-BE54-9A1E7A4F7556}") = "Aufgabe11", "Aufgabe11\Aufgabe11.csproj", "{1A91AB52-A146-4ED0-84C6-AF06CC6F4FA7}"
EndProject
Project("{9A19103F-16F7-4668-BE54-9A1E7A4F7556}") = "Aufgabe12", "Aufgabe12\Aufgabe12.csproj", "{B62AD566-DC3A-4804-B55D-211ACA9A4A96}"
EndProject
Project("{FAE04EC0-301F-11D3-BF4B-00C04F79EFBC}") = "Aufgabe02", "Aufgabe02\Aufgabe02.csproj", "{23A4B4EE-D9E5-455A-B83D-06DA6A6806E6}"
EndProject
Project("{FAE04EC0-301F-11D3-BF4B-00C04F79EFBC}") = "Aufgabe13", "Aufgabe13\Aufgabe13.csproj", "{AC3C48C2-8F51-4A83-B1A6-D28705F62A35}"
EndProject
Project("{FAE04EC0-301F-11D3-BF4B-00C04F79EFBC}") = "Aufgabe14", "Aufgabe14\Aufgabe14.csproj", "{FAEA6004-4B5C-4DFD-8970-2045942E7A63}"
EndProject
Project("{FAE04EC0-301F-11D3-BF4B-00C04F79EFBC}") = "Aufgabe15", "Aufgabe15\Aufgabe15.csproj", "{C609D954-5A89-4E31-AF4A-B139D4ED9590}"
EndProject
Project("{FAE04EC0-301F-11D3-BF4B-00C04F79EFBC}") = "Aufgabe16", "Aufgabe16\Aufgabe16.csproj", "{EA2C4A67-5119-4AB3-BA32-CEA0423DA9A5}"
EndProject
Project("{FAE04EC0-301F-11D3-BF4B-00C04F79EFBC}") = "Aufgabe17", "Aufgabe17\Aufgabe17.csproj", "{2352E1D7-4E2D-463C-A2F8-64481D33DDBE}"
EndProject
Project("{FAE04EC0-301F-11D3-BF4B-00C04F79EFBC}") = "Aufgabe18", "Aufgabe18\Aufgabe18.csproj", "{47F322C7-D568-41A4-AF88-48A8340EA948}"
EndProject
Global
	GlobalSection(SolutionConfigurationPlatforms) = preSolution
		Debug|Any CPU = Debug|Any CPU
		Release|Any CPU = Release|Any CPU
	EndGlobalSection
	GlobalSection(ProjectConfigurationPlatforms) = postSolution
		{63F2B11C-657F-4C69-B682-BA425400DC2B}.Debug|Any CPU.ActiveCfg = Debug|Any CPU
		{63F2B11C-657F-4C69-B682-BA425400DC2B}.Debug|Any CPU.Build.0 = Debug|Any CPU
		{63F2B11C-657F-4C69-B682-BA425400DC2B}.Release|Any CPU.ActiveCfg = Release|Any CPU
		{63F2B11C-657F-4C69-B682-BA425400DC2B}.Release|Any CPU.Build.0 = Release|Any CPU
		{E2A06928-CA82-4A87-8B33-52388122EF2C}.Debug|Any CPU.ActiveCfg = Debug|Any CPU
		{E2A06928-CA82-4A87-8B33-52388122EF2C}.Debug|Any CPU.Build.0 = Debug|Any CPU
		{E2A06928-CA82-4A87-8B33-52388122EF2C}.Release|Any CPU.ActiveCfg = Release|Any CPU
		{E2A06928-CA82-4A87-8B33-52388122EF2C}.Release|Any CPU.Build.0 = Release|Any CPU
		{91166A13-ACA8-4F5E-973E-6EF67FE8D93F}.Debug|Any CPU.ActiveCfg = Debug|Any CPU
		{91166A13-ACA8-4F5E-973E-6EF67FE8D93F}.Debug|Any CPU.Build.0 = Debug|Any CPU
		{91166A13-ACA8-4F5E-973E-6EF67FE8D93F}.Release|Any CPU.ActiveCfg = Release|Any CPU
		{91166A13-ACA8-4F5E-973E-6EF67FE8D93F}.Release|Any CPU.Build.0 = Release|Any CPU
		{997343C4-1A1C-46E4-B03F-10771BEA6187}.Debug|Any CPU.ActiveCfg = Debug|Any CPU
		{997343C4-1A1C-46E4-B03F-10771BEA6187}.Debug|Any CPU.Build.0 = Debug|Any CPU
		{997343C4-1A1C-46E4-B03F-10771BEA6187}.Release|Any CPU.ActiveCfg = Release|Any CPU
		{997343C4-1A1C-46E4-B03F-10771BEA6187}.Release|Any CPU.Build.0 = Release|Any CPU
		{EB6E7B6E-83B4-4AF9-AAFF-83E789AA9605}.Debug|Any CPU.ActiveCfg = Debug|Any CPU
		{EB6E7B6E-83B4-4AF9-AAFF-83E789AA9605}.Debug|Any CPU.Build.0 = Debug|Any CPU
		{EB6E7B6E-83B4-4AF9-AAFF-83E789AA9605}.Release|Any CPU.ActiveCfg = Release|Any CPU
		{EB6E7B6E-83B4-4AF9-AAFF-83E789AA9605}.Release|Any CPU.Build.0 = Release|Any CPU
		{7B3B8905-AC1A-48E9-BF4E-9354E6BC2D79}.Debug|Any CPU.ActiveCfg = Debug|Any CPU
		{7B3B8905-AC1A-48E9-BF4E-9354E6BC2D79}.Debug|Any CPU.Build.0 = Debug|Any CPU
		{7B3B8905-AC1A-48E9-BF4E-9354E6BC2D79}.Release|Any CPU.ActiveCfg = Release|Any CPU
		{7B3B8905-AC1A-48E9-BF4E-9354E6BC2D79}.Release|Any CPU.Build.0 = Release|Any CPU
		{048D6B13-BFCF-4F3A-9CFC-91A404018C56}.Debug|Any CPU.ActiveCfg = Debug|Any CPU
		{048D6B13-BFCF-4F3A-9CFC-91A404018C56}.Debug|Any CPU.Build.0 = Debug|Any CPU
		{048D6B13-BFCF-4F3A-9CFC-91A404018C56}.Release|Any CPU.ActiveCfg = Release|Any CPU
		{048D6B13-BFCF-4F3A-9CFC-91A404018C56}.Release|Any CPU.Build.0 = Release|Any CPU
		{E9AC4361-565D-4EE4-841F-C6AE450B570C}.Debug|Any CPU.ActiveCfg = Debug|Any CPU
		{E9AC4361-565D-4EE4-841F-C6AE450B570C}.Debug|Any CPU.Build.0 = Debug|Any CPU
		{E9AC4361-565D-4EE4-841F-C6AE450B570C}.Release|Any CPU.ActiveCfg = Release|Any CPU
		{E9AC4361-565D-4EE4-841F-C6AE450B570C}.Release|Any CPU.Build.0 = Release|Any CPU
		{59F3A8CE-61E9-4E96-B615-B659AC3BDF8E}.Debug|Any CPU.ActiveCfg = Debug|Any CPU
		{59F3A8CE-61E9-4E96-B615-B659AC3BDF8E}.Debug|Any CPU.Build.0 = Debug|Any CPU
		{59F3A8CE-61E9-4E96-B615-B659AC3BDF8E}.Release|Any CPU.ActiveCfg = Release|Any CPU
		{59F3A8CE-61E9-4E96-B615-B659AC3BDF8E}.Release|Any CPU.Build.0 = Release|Any CPU
		{2F941A16-0547-4083-B093-53D0F22AE6FC}.Debug|Any CPU.ActiveCfg = Debug|Any CPU
		{2F941A16-0547-4083-B093-53D0F22AE6FC}.Debug|Any CPU.Build.0 = Debug|Any CPU
		{2F941A16-0547-4083-B093-53D0F22AE6FC}.Release|Any CPU.ActiveCfg = Release|Any CPU
		{2F941A16-0547-4083-B093-53D0F22AE6FC}.Release|Any CPU.Build.0 = Release|Any CPU
		{1A91AB52-A146-4ED0-84C6-AF06CC6F4FA7}.Debug|Any CPU.ActiveCfg = Debug|Any CPU
		{1A91AB52-A146-4ED0-84C6-AF06CC6F4FA7}.Debug|Any CPU.Build.0 = Debug|Any CPU
		{1A91AB52-A146-4ED0-84C6-AF06CC6F4FA7}.Release|Any CPU.ActiveCfg = Release|Any CPU
		{1A91AB52-A146-4ED0-84C6-AF06CC6F4FA7}.Release|Any CPU.Build.0 = Release|Any CPU
		{B62AD566-DC3A-4804-B55D-211ACA9A4A96}.Debug|Any CPU.ActiveCfg = Debug|Any CPU
		{B62AD566-DC3A-4804-B55D-211ACA9A4A96}.Debug|Any CPU.Build.0 = Debug|Any CPU
		{B62AD566-DC3A-4804-B55D-211ACA9A4A96}.Release|Any CPU.ActiveCfg = Release|Any CPU
		{B62AD566-DC3A-4804-B55D-211ACA9A4A96}.Release|Any CPU.Build.0 = Release|Any CPU
		{23A4B4EE-D9E5-455A-B83D-06DA6A6806E6}.Debug|Any CPU.ActiveCfg = Debug|Any CPU
		{23A4B4EE-D9E5-455A-B83D-06DA6A6806E6}.Debug|Any CPU.Build.0 = Debug|Any CPU
		{23A4B4EE-D9E5-455A-B83D-06DA6A6806E6}.Release|Any CPU.ActiveCfg = Release|Any CPU
		{23A4B4EE-D9E5-455A-B83D-06DA6A6806E6}.Release|Any CPU.Build.0 = Release|Any CPU
		{AC3C48C2-8F51-4A83-B1A6-D28705F62A35}.Debug|Any CPU.ActiveCfg = Debug|Any CPU
		{AC3C48C2-8F51-4A83-B1A6-D28705F62A35}.Debug|Any CPU.Build.0 = Debug|Any CPU
		{AC3C48C2-8F51-4A83-B1A6-D28705F62A35}.Release|Any CPU.ActiveCfg = Release|Any CPU
		{AC3C48C2-8F51-4A83-B1A6-D28705F62A35}.Release|Any CPU.Build.0 = Release|Any CPU
		{FAEA6004-4B5C-4DFD-8970-2045942E7A63}.Debug|Any CPU.ActiveCfg = Debug|Any CPU
		{FAEA6004-4B5C-4DFD-8970-2045942E7A63}.Debug|Any CPU.Build.0 = Debug|Any CPU
		{FAEA6004-4B5C-4DFD-8970-2045942E7A63}.Release|Any CPU.ActiveCfg = Release|Any CPU
		{FAEA6004-4B5C-4DFD-8970-2045942E7A63}.Release|Any CPU.Build.0 = Release|Any CPU
		{C609D954-5A89-4E31-AF4A-B139D4ED9590}.Debug|Any CPU.ActiveCfg = Debug|Any CPU
		{C609D954-5A89-4E31-AF4A-B139D4ED9590}.Debug|Any CPU.Build.0 = Debug|Any CPU
		{C609D954-5A89-4E31-AF4A-B139D4ED9590}.Release|Any CPU.ActiveCfg = Release|Any CPU
		{C609D954-5A89-4E31-AF4A-B139D4ED9590}.Release|Any CPU.Build.0 = Release|Any CPU
		{EA2C4A67-5119-4AB3-BA32-CEA0423DA9A5}.Debug|Any CPU.ActiveCfg = Debug|Any CPU
		{EA2C4A67-5119-4AB3-BA32-CEA0423DA9A5}.Debug|Any CPU.Build.0 = Debug|Any CPU
		{EA2C4A67-5119-4AB3-BA32-CEA0423DA9A5}.Release|Any CPU.ActiveCfg = Release|Any CPU
		{EA2C4A67-5119-4AB3-BA32-CEA0423DA9A5}.Release|Any CPU.Build.0 = Release|Any CPU
		{2352E1D7-4E2D-463C-A2F8-64481D33DDBE}.Debug|Any CPU.ActiveCfg = Debug|Any CPU
		{2352E1D7-4E2D-463C-A2F8-64481D33DDBE}.Debug|Any CPU.Build.0 = Debug|Any CPU
		{2352E1D7-4E2D-463C-A2F8-64481D33DDBE}.Release|Any CPU.ActiveCfg = Release|Any CPU
		{2352E1D7-4E2D-463C-A2F8-64481D33DDBE}.Release|Any CPU.Build.0 = Release|Any CPU
		{47F322C7-D568-41A4-AF88-48A8340EA948}.Debug|Any CPU.ActiveCfg = Debug|Any CPU
		{47F322C7-D568-41A4-AF88-48A8340EA948}.Debug|Any CPU.Build.0 = Debug|Any CPU
		{47F322C7-D568-41A4-AF88-48A8340EA948}.Release|Any CPU.ActiveCfg = Release|Any CPU
		{47F322C7-D568-41A4-AF88-48A8340EA948}.Release|Any CPU.Build.0 = Release|Any CPU
	EndGlobalSection
	GlobalSection(SolutionProperties) = preSolution
		HideSolutionNode = FALSE
	EndGlobalSection
	GlobalSection(ExtensibilityGlobals) = postSolution
		SolutionGuid = {3FAF729E-8245-415F-A066-A758132E98AC}
	EndGlobalSection
EndGlobal
